// !$*UTF8*$!
{
	archiveVersion = 1;
	classes = {
	};
	objectVersion = 50;
	objects = {

/* Begin PBXBuildFile section */
		1203A7C622BF522A004EF47D /* FullScreenViewController.m in Sources */ = {isa = PBXBuildFile; fileRef = 1203A7C522BF522A004EF47D /* FullScreenViewController.m */; };
		1204F1D4227B10AF00CCB4DF /* AppDelegate.m in Sources */ = {isa = PBXBuildFile; fileRef = 1204F1D3227B10AF00CCB4DF /* AppDelegate.m */; };
		1204F1D7227B10AF00CCB4DF /* ViewController.m in Sources */ = {isa = PBXBuildFile; fileRef = 1204F1D6227B10AF00CCB4DF /* ViewController.m */; };
		1204F1DA227B10AF00CCB4DF /* Main.storyboard in Resources */ = {isa = PBXBuildFile; fileRef = 1204F1D8227B10AF00CCB4DF /* Main.storyboard */; };
		1204F1DC227B10B200CCB4DF /* Assets.xcassets in Resources */ = {isa = PBXBuildFile; fileRef = 1204F1DB227B10B200CCB4DF /* Assets.xcassets */; };
		1204F1DF227B10B200CCB4DF /* LaunchScreen.storyboard in Resources */ = {isa = PBXBuildFile; fileRef = 1204F1DD227B10B200CCB4DF /* LaunchScreen.storyboard */; };
		1204F1E2227B10B200CCB4DF /* main.m in Sources */ = {isa = PBXBuildFile; fileRef = 1204F1E1227B10B200CCB4DF /* main.m */; };
		1204F1EC227B2A0200CCB4DF /* GradientAnimatorView.m in Sources */ = {isa = PBXBuildFile; fileRef = 1204F1EB227B2A0200CCB4DF /* GradientAnimatorView.m */; };
		1204F1EF227B2B4D00CCB4DF /* UIColor+Additions.m in Sources */ = {isa = PBXBuildFile; fileRef = 1204F1EE227B2B4D00CCB4DF /* UIColor+Additions.m */; };
/* End PBXBuildFile section */

/* Begin PBXFileReference section */
		1203A7C422BF522A004EF47D /* FullScreenViewController.h */ = {isa = PBXFileReference; lastKnownFileType = sourcecode.c.h; path = FullScreenViewController.h; sourceTree = "<group>"; };
		1203A7C522BF522A004EF47D /* FullScreenViewController.m */ = {isa = PBXFileReference; lastKnownFileType = sourcecode.c.objc; path = FullScreenViewController.m; sourceTree = "<group>"; };
		1204F1CF227B10AF00CCB4DF /* GradientAnimator.app */ = {isa = PBXFileReference; explicitFileType = wrapper.application; includeInIndex = 0; path = GradientAnimator.app; sourceTree = BUILT_PRODUCTS_DIR; };
		1204F1D2227B10AF00CCB4DF /* AppDelegate.h */ = {isa = PBXFileReference; lastKnownFileType = sourcecode.c.h; path = AppDelegate.h; sourceTree = "<group>"; };
		1204F1D3227B10AF00CCB4DF /* AppDelegate.m */ = {isa = PBXFileReference; lastKnownFileType = sourcecode.c.objc; path = AppDelegate.m; sourceTree = "<group>"; };
		1204F1D5227B10AF00CCB4DF /* ViewController.h */ = {isa = PBXFileReference; lastKnownFileType = sourcecode.c.h; path = ViewController.h; sourceTree = "<group>"; };
		1204F1D6227B10AF00CCB4DF /* ViewController.m */ = {isa = PBXFileReference; lastKnownFileType = sourcecode.c.objc; path = ViewController.m; sourceTree = "<group>"; };
		1204F1D9227B10AF00CCB4DF /* Base */ = {isa = PBXFileReference; lastKnownFileType = file.storyboard; name = Base; path = Base.lproj/Main.storyboard; sourceTree = "<group>"; };
		1204F1DB227B10B200CCB4DF /* Assets.xcassets */ = {isa = PBXFileReference; lastKnownFileType = folder.assetcatalog; path = Assets.xcassets; sourceTree = "<group>"; };
		1204F1DE227B10B200CCB4DF /* Base */ = {isa = PBXFileReference; lastKnownFileType = file.storyboard; name = Base; path = Base.lproj/LaunchScreen.storyboard; sourceTree = "<group>"; };
		1204F1E0227B10B200CCB4DF /* Info.plist */ = {isa = PBXFileReference; lastKnownFileType = text.plist.xml; path = Info.plist; sourceTree = "<group>"; };
		1204F1E1227B10B200CCB4DF /* main.m */ = {isa = PBXFileReference; lastKnownFileType = sourcecode.c.objc; path = main.m; sourceTree = "<group>"; };
		1204F1EA227B2A0200CCB4DF /* GradientAnimatorView.h */ = {isa = PBXFileReference; lastKnownFileType = sourcecode.c.h; path = GradientAnimatorView.h; sourceTree = "<group>"; };
		1204F1EB227B2A0200CCB4DF /* GradientAnimatorView.m */ = {isa = PBXFileReference; lastKnownFileType = sourcecode.c.objc; path = GradientAnimatorView.m; sourceTree = "<group>"; };
		1204F1ED227B2B4D00CCB4DF /* UIColor+Additions.h */ = {isa = PBXFileReference; fileEncoding = 4; lastKnownFileType = sourcecode.c.h; path = "UIColor+Additions.h"; sourceTree = "<group>"; };
		1204F1EE227B2B4D00CCB4DF /* UIColor+Additions.m */ = {isa = PBXFileReference; fileEncoding = 4; lastKnownFileType = sourcecode.c.objc; path = "UIColor+Additions.m"; sourceTree = "<group>"; };
		12464A46227DFA9600A288D8 /* GradientAnimatorView.podspec */ = {isa = PBXFileReference; fileEncoding = 4; lastKnownFileType = text; path = GradientAnimatorView.podspec; sourceTree = "<group>"; };
/* End PBXFileReference section */

/* Begin PBXFrameworksBuildPhase section */
		1204F1CC227B10AF00CCB4DF /* Frameworks */ = {
			isa = PBXFrameworksBuildPhase;
			buildActionMask = 2147483647;
			files = (
			);
			runOnlyForDeploymentPostprocessing = 0;
		};
/* End PBXFrameworksBuildPhase section */

/* Begin PBXGroup section */
		1203A7C322BF51C3004EF47D /* Examples */ = {
			isa = PBXGroup;
			children = (
				1203A7C422BF522A004EF47D /* FullScreenViewController.h */,
				1203A7C522BF522A004EF47D /* FullScreenViewController.m */,
			);
			path = Examples;
			sourceTree = "<group>";
		};
		1204F1C6227B10AF00CCB4DF = {
			isa = PBXGroup;
			children = (
				1204F1D1227B10AF00CCB4DF /* GradientAnimator */,
				1204F1D0227B10AF00CCB4DF /* Products */,
			);
			sourceTree = "<group>";
		};
		1204F1D0227B10AF00CCB4DF /* Products */ = {
			isa = PBXGroup;
			children = (
				1204F1CF227B10AF00CCB4DF /* GradientAnimator.app */,
			);
			name = Products;
			sourceTree = "<group>";
		};
		1204F1D1227B10AF00CCB4DF /* GradientAnimator */ = {
			isa = PBXGroup;
			children = (
				1203A7C322BF51C3004EF47D /* Examples */,
				1204F1E8227B29A700CCB4DF /* GradientAnimator */,
				1204F1E9227B29D300CCB4DF /* Helper */,
				1204F1D2227B10AF00CCB4DF /* AppDelegate.h */,
				1204F1D3227B10AF00CCB4DF /* AppDelegate.m */,
				1204F1D5227B10AF00CCB4DF /* ViewController.h */,
				1204F1D6227B10AF00CCB4DF /* ViewController.m */,
				1204F1D8227B10AF00CCB4DF /* Main.storyboard */,
				1204F1DB227B10B200CCB4DF /* Assets.xcassets */,
				1204F1DD227B10B200CCB4DF /* LaunchScreen.storyboard */,
				1204F1E0227B10B200CCB4DF /* Info.plist */,
				1204F1E1227B10B200CCB4DF /* main.m */,
				12464A46227DFA9600A288D8 /* GradientAnimatorView.podspec */,
			);
			path = GradientAnimator;
			sourceTree = "<group>";
		};
		1204F1E8227B29A700CCB4DF /* GradientAnimator */ = {
			isa = PBXGroup;
			children = (
				1204F1EA227B2A0200CCB4DF /* GradientAnimatorView.h */,
				1204F1EB227B2A0200CCB4DF /* GradientAnimatorView.m */,
			);
			path = GradientAnimator;
			sourceTree = "<group>";
		};
		1204F1E9227B29D300CCB4DF /* Helper */ = {
			isa = PBXGroup;
			children = (
				1204F1ED227B2B4D00CCB4DF /* UIColor+Additions.h */,
				1204F1EE227B2B4D00CCB4DF /* UIColor+Additions.m */,
			);
			path = Helper;
			sourceTree = "<group>";
		};
/* End PBXGroup section */

/* Begin PBXNativeTarget section */
		1204F1CE227B10AF00CCB4DF /* GradientAnimator */ = {
			isa = PBXNativeTarget;
			buildConfigurationList = 1204F1E5227B10B200CCB4DF /* Build configuration list for PBXNativeTarget "GradientAnimator" */;
			buildPhases = (
				1204F1CB227B10AF00CCB4DF /* Sources */,
				1204F1CC227B10AF00CCB4DF /* Frameworks */,
				1204F1CD227B10AF00CCB4DF /* Resources */,
			);
			buildRules = (
			);
			dependencies = (
			);
			name = GradientAnimator;
			productName = GradientAnimator;
			productReference = 1204F1CF227B10AF00CCB4DF /* GradientAnimator.app */;
			productType = "com.apple.product-type.application";
		};
/* End PBXNativeTarget section */

/* Begin PBXProject section */
		1204F1C7227B10AF00CCB4DF /* Project object */ = {
			isa = PBXProject;
			attributes = {
				LastUpgradeCheck = 1000;
				ORGANIZATIONNAME = Wimansha;
				TargetAttributes = {
					1204F1CE227B10AF00CCB4DF = {
						CreatedOnToolsVersion = 10.0;
					};
				};
			};
			buildConfigurationList = 1204F1CA227B10AF00CCB4DF /* Build configuration list for PBXProject "GradientAnimator" */;
			compatibilityVersion = "Xcode 9.3";
			developmentRegion = en;
			hasScannedForEncodings = 0;
			knownRegions = (
				en,
				Base,
			);
			mainGroup = 1204F1C6227B10AF00CCB4DF;
			productRefGroup = 1204F1D0227B10AF00CCB4DF /* Products */;
			projectDirPath = "";
			projectRoot = "";
			targets = (
				1204F1CE227B10AF00CCB4DF /* GradientAnimator */,
			);
		};
/* End PBXProject section */

/* Begin PBXResourcesBuildPhase section */
		1204F1CD227B10AF00CCB4DF /* Resources */ = {
			isa = PBXResourcesBuildPhase;
			buildActionMask = 2147483647;
			files = (
				1204F1DF227B10B200CCB4DF /* LaunchScreen.storyboard in Resources */,
				1204F1DC227B10B200CCB4DF /* Assets.xcassets in Resources */,
				1204F1DA227B10AF00CCB4DF /* Main.storyboard in Resources */,
			);
			runOnlyForDeploymentPostprocessing = 0;
		};
/* End PBXResourcesBuildPhase section */

/* Begin PBXSourcesBuildPhase section */
		1204F1CB227B10AF00CCB4DF /* Sources */ = {
			isa = PBXSourcesBuildPhase;
			buildActionMask = 2147483647;
			files = (
				1204F1EF227B2B4D00CCB4DF /* UIColor+Additions.m in Sources */,
				1204F1D7227B10AF00CCB4DF /* ViewController.m in Sources */,
				1204F1EC227B2A0200CCB4DF /* GradientAnimatorView.m in Sources */,
				1204F1E2227B10B200CCB4DF /* main.m in Sources */,
				1204F1D4227B10AF00CCB4DF /* AppDelegate.m in Sources */,
				1203A7C622BF522A004EF47D /* FullScreenViewController.m in Sources */,
			);
			runOnlyForDeploymentPostprocessing = 0;
		};
/* End PBXSourcesBuildPhase section */

/* Begin PBXVariantGroup section */
		1204F1D8227B10AF00CCB4DF /* Main.storyboard */ = {
			isa = PBXVariantGroup;
			children = (
				1204F1D9227B10AF00CCB4DF /* Base */,
			);
			name = Main.storyboard;
			sourceTree = "<group>";
		};
		1204F1DD227B10B200CCB4DF /* LaunchScreen.storyboard */ = {
			isa = PBXVariantGroup;
			children = (
				1204F1DE227B10B200CCB4DF /* Base */,
			);
			name = LaunchScreen.storyboard;
			sourceTree = "<group>";
		};
/* End PBXVariantGroup section */

/* Begin XCBuildConfiguration section */
		1204F1E3227B10B200CCB4DF /* Debug */ = {
			isa = XCBuildConfiguration;
			buildSettings = {
				ALWAYS_SEARCH_USER_PATHS = NO;
				CLANG_ANALYZER_NONNULL = YES;
				CLANG_ANALYZER_NUMBER_OBJECT_CONVERSION = YES_AGGRESSIVE;
				CLANG_CXX_LANGUAGE_STANDARD = "gnu++14";
				CLANG_CXX_LIBRARY = "libc++";
				CLANG_ENABLE_MODULES = YES;
				CLANG_ENABLE_OBJC_ARC = YES;
				CLANG_ENABLE_OBJC_WEAK = YES;
				CLANG_WARN_BLOCK_CAPTURE_AUTORELEASING = YES;
				CLANG_WARN_BOOL_CONVERSION = YES;
				CLANG_WARN_COMMA = YES;
				CLANG_WARN_CONSTANT_CONVERSION = YES;
				CLANG_WARN_DEPRECATED_OBJC_IMPLEMENTATIONS = YES;
				CLANG_WARN_DIRECT_OBJC_ISA_USAGE = YES_ERROR;
				CLANG_WARN_DOCUMENTATION_COMMENTS = YES;
				CLANG_WARN_EMPTY_BODY = YES;
				CLANG_WARN_ENUM_CONVERSION = YES;
				CLANG_WARN_INFINITE_RECURSION = YES;
				CLANG_WARN_INT_CONVERSION = YES;
				CLANG_WARN_NON_LITERAL_NULL_CONVERSION = YES;
				CLANG_WARN_OBJC_IMPLICIT_RETAIN_SELF = YES;
				CLANG_WARN_OBJC_LITERAL_CONVERSION = YES;
				CLANG_WARN_OBJC_ROOT_CLASS = YES_ERROR;
				CLANG_WARN_RANGE_LOOP_ANALYSIS = YES;
				CLANG_WARN_STRICT_PROTOTYPES = YES;
				CLANG_WARN_SUSPICIOUS_MOVE = YES;
				CLANG_WARN_UNGUARDED_AVAILABILITY = YES_AGGRESSIVE;
				CLANG_WARN_UNREACHABLE_CODE = YES;
				CLANG_WARN__DUPLICATE_METHOD_MATCH = YES;
				CODE_SIGN_IDENTITY = "iPhone Developer";
				COPY_PHASE_STRIP = NO;
				DEBUG_INFORMATION_FORMAT = dwarf;
				ENABLE_STRICT_OBJC_MSGSEND = YES;
				ENABLE_TESTABILITY = YES;
				GCC_C_LANGUAGE_STANDARD = gnu11;
				GCC_DYNAMIC_NO_PIC = NO;
				GCC_NO_COMMON_BLOCKS = YES;
				GCC_OPTIMIZATION_LEVEL = 0;
				GCC_PREPROCESSOR_DEFINITIONS = (
					"DEBUG=1",
					"$(inherited)",
				);
				GCC_WARN_64_TO_32_BIT_CONVERSION = YES;
				GCC_WARN_ABOUT_RETURN_TYPE = YES_ERROR;
				GCC_WARN_UNDECLARED_SELECTOR = YES;
				GCC_WARN_UNINITIALIZED_AUTOS = YES_AGGRESSIVE;
				GCC_WARN_UNUSED_FUNCTION = YES;
				GCC_WARN_UNUSED_VARIABLE = YES;
				IPHONEOS_DEPLOYMENT_TARGET = 12.0;
				MTL_ENABLE_DEBUG_INFO = INCLUDE_SOURCE;
				MTL_FAST_MATH = YES;
				ONLY_ACTIVE_ARCH = YES;
				SDKROOT = iphoneos;
			};
			name = Debug;
		};
		1204F1E4227B10B200CCB4DF /* Release */ = {
			isa = XCBuildConfiguration;
			buildSettings = {
				ALWAYS_SEARCH_USER_PATHS = NO;
				CLANG_ANALYZER_NONNULL = YES;
				CLANG_ANALYZER_NUMBER_OBJECT_CONVERSION = YES_AGGRESSIVE;
				CLANG_CXX_LANGUAGE_STANDARD = "gnu++14";
				CLANG_CXX_LIBRARY = "libc++";
				CLANG_ENABLE_MODULES = YES;
				CLANG_ENABLE_OBJC_ARC = YES;
				CLANG_ENABLE_OBJC_WEAK = YES;
				CLANG_WARN_BLOCK_CAPTURE_AUTORELEASING = YES;
				CLANG_WARN_BOOL_CONVERSION = YES;
				CLANG_WARN_COMMA = YES;
				CLANG_WARN_CONSTANT_CONVERSION = YES;
				CLANG_WARN_DEPRECATED_OBJC_IMPLEMENTATIONS = YES;
				CLANG_WARN_DIRECT_OBJC_ISA_USAGE = YES_ERROR;
				CLANG_WARN_DOCUMENTATION_COMMENTS = YES;
				CLANG_WARN_EMPTY_BODY = YES;
				CLANG_WARN_ENUM_CONVERSION = YES;
				CLANG_WARN_INFINITE_RECURSION = YES;
				CLANG_WARN_INT_CONVERSION = YES;
				CLANG_WARN_NON_LITERAL_NULL_CONVERSION = YES;
				CLANG_WARN_OBJC_IMPLICIT_RETAIN_SELF = YES;
				CLANG_WARN_OBJC_LITERAL_CONVERSION = YES;
				CLANG_WARN_OBJC_ROOT_CLASS = YES_ERROR;
				CLANG_WARN_RANGE_LOOP_ANALYSIS = YES;
				CLANG_WARN_STRICT_PROTOTYPES = YES;
				CLANG_WARN_SUSPICIOUS_MOVE = YES;
				CLANG_WARN_UNGUARDED_AVAILABILITY = YES_AGGRESSIVE;
				CLANG_WARN_UNREACHABLE_CODE = YES;
				CLANG_WARN__DUPLICATE_METHOD_MATCH = YES;
				CODE_SIGN_IDENTITY = "iPhone Developer";
				COPY_PHASE_STRIP = NO;
				DEBUG_INFORMATION_FORMAT = "dwarf-with-dsym";
				ENABLE_NS_ASSERTIONS = NO;
				ENABLE_STRICT_OBJC_MSGSEND = YES;
				GCC_C_LANGUAGE_STANDARD = gnu11;
				GCC_NO_COMMON_BLOCKS = YES;
				GCC_WARN_64_TO_32_BIT_CONVERSION = YES;
				GCC_WARN_ABOUT_RETURN_TYPE = YES_ERROR;
				GCC_WARN_UNDECLARED_SELECTOR = YES;
				GCC_WARN_UNINITIALIZED_AUTOS = YES_AGGRESSIVE;
				GCC_WARN_UNUSED_FUNCTION = YES;
				GCC_WARN_UNUSED_VARIABLE = YES;
				IPHONEOS_DEPLOYMENT_TARGET = 12.0;
				MTL_ENABLE_DEBUG_INFO = NO;
				MTL_FAST_MATH = YES;
				SDKROOT = iphoneos;
				VALIDATE_PRODUCT = YES;
			};
			name = Release;
		};
		1204F1E6227B10B200CCB4DF /* Debug */ = {
			isa = XCBuildConfiguration;
			buildSettings = {
				ASSETCATALOG_COMPILER_APPICON_NAME = AppIcon;
				CODE_SIGN_STYLE = Automatic;
				DEVELOPMENT_TEAM = 3BXUMD3B9B;
				INFOPLIST_FILE = GradientAnimator/Info.plist;
				LD_RUNPATH_SEARCH_PATHS = (
					"$(inherited)",
					"@executable_path/Frameworks",
				);
				PRODUCT_BUNDLE_IDENTIFIER = com.wimansha.GradientAnimator;
				PRODUCT_NAME = "$(TARGET_NAME)";
				TARGETED_DEVICE_FAMILY = "1,2";
			};
			name = Debug;
		};
		1204F1E7227B10B200CCB4DF /* Release */ = {
			isa = XCBuildConfiguration;
			buildSettings = {
				ASSETCATALOG_COMPILER_APPICON_NAME = AppIcon;
				CODE_SIGN_STYLE = Automatic;
				DEVELOPMENT_TEAM = 3BXUMD3B9B;
				INFOPLIST_FILE = GradientAnimator/Info.plist;
				LD_RUNPATH_SEARCH_PATHS = (
					"$(inherited)",
					"@executable_path/Frameworks",
				);
				PRODUCT_BUNDLE_IDENTIFIER = com.wimansha.GradientAnimator;
				PRODUCT_NAME = "$(TARGET_NAME)";
				TARGETED_DEVICE_FAMILY = "1,2";
			};
			name = Release;
		};
/* End XCBuildConfiguration section */

/* Begin XCConfigurationList section */
		1204F1CA227B10AF00CCB4DF /* Build configuration list for PBXProject "GradientAnimator" */ = {
			isa = XCConfigurationList;
			buildConfigurations = (
				1204F1E3227B10B200CCB4DF /* Debug */,
				1204F1E4227B10B200CCB4DF /* Release */,
			);
			defaultConfigurationIsVisible = 0;
			defaultConfigurationName = Release;
		};
		1204F1E5227B10B200CCB4DF /* Build configuration list for PBXNativeTarget "GradientAnimator" */ = {
			isa = XCConfigurationList;
			buildConfigurations = (
				1204F1E6227B10B200CCB4DF /* Debug */,
				1204F1E7227B10B200CCB4DF /* Release */,
			);
			defaultConfigurationIsVisible = 0;
			defaultConfigurationName = Release;
		};
/* End XCConfigurationList section */
	};
	rootObject = 1204F1C7227B10AF00CCB4DF /* Project object */;
}
